// !$*UTF8*$!
{
	archiveVersion = 1;
	classes = {
	};
	objectVersion = 48;
	objects = {

/* Begin PBXBuildFile section */
		85EE0E5B20366E62003F7C45 /* AppDelegate.swift in Sources */ = {isa = PBXBuildFile; fileRef = 85EE0E5A20366E62003F7C45 /* AppDelegate.swift */; };
		85EE0E5D20366E62003F7C45 /* ViewController.swift in Sources */ = {isa = PBXBuildFile; fileRef = 85EE0E5C20366E62003F7C45 /* ViewController.swift */; };
		85EE0E6020366E62003F7C45 /* Main.storyboard in Resources */ = {isa = PBXBuildFile; fileRef = 85EE0E5E20366E62003F7C45 /* Main.storyboard */; };
		85EE0E6220366E62003F7C45 /* Assets.xcassets in Resources */ = {isa = PBXBuildFile; fileRef = 85EE0E6120366E62003F7C45 /* Assets.xcassets */; };
		85EE0E6520366E62003F7C45 /* LaunchScreen.storyboard in Resources */ = {isa = PBXBuildFile; fileRef = 85EE0E6320366E62003F7C45 /* LaunchScreen.storyboard */; };
		85EE0E7020366E63003F7C45 /* timerTests.swift in Sources */ = {isa = PBXBuildFile; fileRef = 85EE0E6F20366E63003F7C45 /* timerTests.swift */; };
		85EE0E7B20366E63003F7C45 /* timerUITests.swift in Sources */ = {isa = PBXBuildFile; fileRef = 85EE0E7A20366E63003F7C45 /* timerUITests.swift */; };
/* End PBXBuildFile section */

/* Begin PBXContainerItemProxy section */
		85EE0E6C20366E63003F7C45 /* PBXContainerItemProxy */ = {
			isa = PBXContainerItemProxy;
			containerPortal = 85EE0E4F20366E62003F7C45 /* Project object */;
			proxyType = 1;
			remoteGlobalIDString = 85EE0E5620366E62003F7C45;
			remoteInfo = timer;
		};
		85EE0E7720366E63003F7C45 /* PBXContainerItemProxy */ = {
			isa = PBXContainerItemProxy;
			containerPortal = 85EE0E4F20366E62003F7C45 /* Project object */;
			proxyType = 1;
			remoteGlobalIDString = 85EE0E5620366E62003F7C45;
			remoteInfo = timer;
		};
/* End PBXContainerItemProxy section */

/* Begin PBXFileReference section */
		85EE0E5720366E62003F7C45 /* timer.app */ = {isa = PBXFileReference; explicitFileType = wrapper.application; includeInIndex = 0; path = timer.app; sourceTree = BUILT_PRODUCTS_DIR; };
		85EE0E5A20366E62003F7C45 /* AppDelegate.swift */ = {isa = PBXFileReference; lastKnownFileType = sourcecode.swift; path = AppDelegate.swift; sourceTree = "<group>"; };
		85EE0E5C20366E62003F7C45 /* ViewController.swift */ = {isa = PBXFileReference; lastKnownFileType = sourcecode.swift; path = ViewController.swift; sourceTree = "<group>"; };
		85EE0E5F20366E62003F7C45 /* Base */ = {isa = PBXFileReference; lastKnownFileType = file.storyboard; name = Base; path = Base.lproj/Main.storyboard; sourceTree = "<group>"; };
		85EE0E6120366E62003F7C45 /* Assets.xcassets */ = {isa = PBXFileReference; lastKnownFileType = folder.assetcatalog; path = Assets.xcassets; sourceTree = "<group>"; };
		85EE0E6420366E62003F7C45 /* Base */ = {isa = PBXFileReference; lastKnownFileType = file.storyboard; name = Base; path = Base.lproj/LaunchScreen.storyboard; sourceTree = "<group>"; };
		85EE0E6620366E62003F7C45 /* Info.plist */ = {isa = PBXFileReference; lastKnownFileType = text.plist.xml; path = Info.plist; sourceTree = "<group>"; };
		85EE0E6B20366E63003F7C45 /* timerTests.xctest */ = {isa = PBXFileReference; explicitFileType = wrapper.cfbundle; includeInIndex = 0; path = timerTests.xctest; sourceTree = BUILT_PRODUCTS_DIR; };
		85EE0E6F20366E63003F7C45 /* timerTests.swift */ = {isa = PBXFileReference; lastKnownFileType = sourcecode.swift; path = timerTests.swift; sourceTree = "<group>"; };
		85EE0E7120366E63003F7C45 /* Info.plist */ = {isa = PBXFileReference; lastKnownFileType = text.plist.xml; path = Info.plist; sourceTree = "<group>"; };
		85EE0E7620366E63003F7C45 /* timerUITests.xctest */ = {isa = PBXFileReference; explicitFileType = wrapper.cfbundle; includeInIndex = 0; path = timerUITests.xctest; sourceTree = BUILT_PRODUCTS_DIR; };
		85EE0E7A20366E63003F7C45 /* timerUITests.swift */ = {isa = PBXFileReference; lastKnownFileType = sourcecode.swift; path = timerUITests.swift; sourceTree = "<group>"; };
		85EE0E7C20366E63003F7C45 /* Info.plist */ = {isa = PBXFileReference; lastKnownFileType = text.plist.xml; path = Info.plist; sourceTree = "<group>"; };
/* End PBXFileReference section */

/* Begin PBXFrameworksBuildPhase section */
		85EE0E5420366E62003F7C45 /* Frameworks */ = {
			isa = PBXFrameworksBuildPhase;
			buildActionMask = 2147483647;
			files = (
			);
			runOnlyForDeploymentPostprocessing = 0;
		};
		85EE0E6820366E63003F7C45 /* Frameworks */ = {
			isa = PBXFrameworksBuildPhase;
			buildActionMask = 2147483647;
			files = (
			);
			runOnlyForDeploymentPostprocessing = 0;
		};
		85EE0E7320366E63003F7C45 /* Frameworks */ = {
			isa = PBXFrameworksBuildPhase;
			buildActionMask = 2147483647;
			files = (
			);
			runOnlyForDeploymentPostprocessing = 0;
		};
/* End PBXFrameworksBuildPhase section */

/* Begin PBXGroup section */
		85EE0E4E20366E62003F7C45 = {
			isa = PBXGroup;
			children = (
				85EE0E5920366E62003F7C45 /* timer */,
				85EE0E6E20366E63003F7C45 /* timerTests */,
				85EE0E7920366E63003F7C45 /* timerUITests */,
				85EE0E5820366E62003F7C45 /* Products */,
			);
			sourceTree = "<group>";
		};
		85EE0E5820366E62003F7C45 /* Products */ = {
			isa = PBXGroup;
			children = (
				85EE0E5720366E62003F7C45 /* timer.app */,
				85EE0E6B20366E63003F7C45 /* timerTests.xctest */,
				85EE0E7620366E63003F7C45 /* timerUITests.xctest */,
			);
			name = Products;
			sourceTree = "<group>";
		};
		85EE0E5920366E62003F7C45 /* timer */ = {
			isa = PBXGroup;
			children = (
				85EE0E5A20366E62003F7C45 /* AppDelegate.swift */,
				85EE0E5C20366E62003F7C45 /* ViewController.swift */,
				85EE0E5E20366E62003F7C45 /* Main.storyboard */,
				85EE0E6120366E62003F7C45 /* Assets.xcassets */,
				85EE0E6320366E62003F7C45 /* LaunchScreen.storyboard */,
				85EE0E6620366E62003F7C45 /* Info.plist */,
			);
			path = timer;
			sourceTree = "<group>";
		};
		85EE0E6E20366E63003F7C45 /* timerTests */ = {
			isa = PBXGroup;
			children = (
				85EE0E6F20366E63003F7C45 /* timerTests.swift */,
				85EE0E7120366E63003F7C45 /* Info.plist */,
			);
			path = timerTests;
			sourceTree = "<group>";
		};
		85EE0E7920366E63003F7C45 /* timerUITests */ = {
			isa = PBXGroup;
			children = (
				85EE0E7A20366E63003F7C45 /* timerUITests.swift */,
				85EE0E7C20366E63003F7C45 /* Info.plist */,
			);
			path = timerUITests;
			sourceTree = "<group>";
		};
/* End PBXGroup section */

/* Begin PBXNativeTarget section */
		85EE0E5620366E62003F7C45 /* timer */ = {
			isa = PBXNativeTarget;
			buildConfigurationList = 85EE0E7F20366E63003F7C45 /* Build configuration list for PBXNativeTarget "timer" */;
			buildPhases = (
				85EE0E5320366E62003F7C45 /* Sources */,
				85EE0E5420366E62003F7C45 /* Frameworks */,
				85EE0E5520366E62003F7C45 /* Resources */,
			);
			buildRules = (
			);
			dependencies = (
			);
			name = timer;
			productName = timer;
			productReference = 85EE0E5720366E62003F7C45 /* timer.app */;
			productType = "com.apple.product-type.application";
		};
		85EE0E6A20366E63003F7C45 /* timerTests */ = {
			isa = PBXNativeTarget;
			buildConfigurationList = 85EE0E8220366E63003F7C45 /* Build configuration list for PBXNativeTarget "timerTests" */;
			buildPhases = (
				85EE0E6720366E63003F7C45 /* Sources */,
				85EE0E6820366E63003F7C45 /* Frameworks */,
				85EE0E6920366E63003F7C45 /* Resources */,
			);
			buildRules = (
			);
			dependencies = (
				85EE0E6D20366E63003F7C45 /* PBXTargetDependency */,
			);
			name = timerTests;
			productName = timerTests;
			productReference = 85EE0E6B20366E63003F7C45 /* timerTests.xctest */;
			productType = "com.apple.product-type.bundle.unit-test";
		};
		85EE0E7520366E63003F7C45 /* timerUITests */ = {
			isa = PBXNativeTarget;
			buildConfigurationList = 85EE0E8520366E63003F7C45 /* Build configuration list for PBXNativeTarget "timerUITests" */;
			buildPhases = (
				85EE0E7220366E63003F7C45 /* Sources */,
				85EE0E7320366E63003F7C45 /* Frameworks */,
				85EE0E7420366E63003F7C45 /* Resources */,
			);
			buildRules = (
			);
			dependencies = (
				85EE0E7820366E63003F7C45 /* PBXTargetDependency */,
			);
			name = timerUITests;
			productName = timerUITests;
			productReference = 85EE0E7620366E63003F7C45 /* timerUITests.xctest */;
			productType = "com.apple.product-type.bundle.ui-testing";
		};
/* End PBXNativeTarget section */

/* Begin PBXProject section */
		85EE0E4F20366E62003F7C45 /* Project object */ = {
			isa = PBXProject;
			attributes = {
				LastSwiftUpdateCheck = 0920;
				LastUpgradeCheck = 0920;
				ORGANIZATIONNAME = "篠原七子";
				TargetAttributes = {
					85EE0E5620366E62003F7C45 = {
						CreatedOnToolsVersion = 9.2;
						ProvisioningStyle = Automatic;
					};
					85EE0E6A20366E63003F7C45 = {
						CreatedOnToolsVersion = 9.2;
						ProvisioningStyle = Automatic;
						TestTargetID = 85EE0E5620366E62003F7C45;
					};
					85EE0E7520366E63003F7C45 = {
						CreatedOnToolsVersion = 9.2;
						ProvisioningStyle = Automatic;
						TestTargetID = 85EE0E5620366E62003F7C45;
					};
				};
			};
			buildConfigurationList = 85EE0E5220366E62003F7C45 /* Build configuration list for PBXProject "timer" */;
			compatibilityVersion = "Xcode 8.0";
			developmentRegion = en;
			hasScannedForEncodings = 0;
			knownRegions = (
				en,
				Base,
			);
			mainGroup = 85EE0E4E20366E62003F7C45;
			productRefGroup = 85EE0E5820366E62003F7C45 /* Products */;
			projectDirPath = "";
			projectRoot = "";
			targets = (
				85EE0E5620366E62003F7C45 /* timer */,
				85EE0E6A20366E63003F7C45 /* timerTests */,
				85EE0E7520366E63003F7C45 /* timerUITests */,
			);
		};
/* End PBXProject section */

/* Begin PBXResourcesBuildPhase section */
		85EE0E5520366E62003F7C45 /* Resources */ = {
			isa = PBXResourcesBuildPhase;
			buildActionMask = 2147483647;
			files = (
				85EE0E6520366E62003F7C45 /* LaunchScreen.storyboard in Resources */,
				85EE0E6220366E62003F7C45 /* Assets.xcassets in Resources */,
				85EE0E6020366E62003F7C45 /* Main.storyboard in Resources */,
			);
			runOnlyForDeploymentPostprocessing = 0;
		};
		85EE0E6920366E63003F7C45 /* Resources */ = {
			isa = PBXResourcesBuildPhase;
			buildActionMask = 2147483647;
			files = (
			);
			runOnlyForDeploymentPostprocessing = 0;
		};
		85EE0E7420366E63003F7C45 /* Resources */ = {
			isa = PBXResourcesBuildPhase;
			buildActionMask = 2147483647;
			files = (
			);
			runOnlyForDeploymentPostprocessing = 0;
		};
/* End PBXResourcesBuildPhase section */

/* Begin PBXSourcesBuildPhase section */
		85EE0E5320366E62003F7C45 /* Sources */ = {
			isa = PBXSourcesBuildPhase;
			buildActionMask = 2147483647;
			files = (
				85EE0E5D20366E62003F7C45 /* ViewController.swift in Sources */,
				85EE0E5B20366E62003F7C45 /* AppDelegate.swift in Sources */,
			);
			runOnlyForDeploymentPostprocessing = 0;
		};
		85EE0E6720366E63003F7C45 /* Sources */ = {
			isa = PBXSourcesBuildPhase;
			buildActionMask = 2147483647;
			files = (
				85EE0E7020366E63003F7C45 /* timerTests.swift in Sources */,
			);
			runOnlyForDeploymentPostprocessing = 0;
		};
		85EE0E7220366E63003F7C45 /* Sources */ = {
			isa = PBXSourcesBuildPhase;
			buildActionMask = 2147483647;
			files = (
				85EE0E7B20366E63003F7C45 /* timerUITests.swift in Sources */,
			);
			runOnlyForDeploymentPostprocessing = 0;
		};
/* End PBXSourcesBuildPhase section */

/* Begin PBXTargetDependency section */
		85EE0E6D20366E63003F7C45 /* PBXTargetDependency */ = {
			isa = PBXTargetDependency;
			target = 85EE0E5620366E62003F7C45 /* timer */;
			targetProxy = 85EE0E6C20366E63003F7C45 /* PBXContainerItemProxy */;
		};
		85EE0E7820366E63003F7C45 /* PBXTargetDependency */ = {
			isa = PBXTargetDependency;
			target = 85EE0E5620366E62003F7C45 /* timer */;
			targetProxy = 85EE0E7720366E63003F7C45 /* PBXContainerItemProxy */;
		};
/* End PBXTargetDependency section */

/* Begin PBXVariantGroup section */
		85EE0E5E20366E62003F7C45 /* Main.storyboard */ = {
			isa = PBXVariantGroup;
			children = (
				85EE0E5F20366E62003F7C45 /* Base */,
			);
			name = Main.storyboard;
			sourceTree = "<group>";
		};
		85EE0E6320366E62003F7C45 /* LaunchScreen.storyboard */ = {
			isa = PBXVariantGroup;
			children = (
				85EE0E6420366E62003F7C45 /* Base */,
			);
			name = LaunchScreen.storyboard;
			sourceTree = "<group>";
		};
/* End PBXVariantGroup section */

/* Begin XCBuildConfiguration section */
		85EE0E7D20366E63003F7C45 /* Debug */ = {
			isa = XCBuildConfiguration;
			buildSettings = {
				ALWAYS_SEARCH_USER_PATHS = NO;
				CLANG_ANALYZER_NONNULL = YES;
				CLANG_ANALYZER_NUMBER_OBJECT_CONVERSION = YES_AGGRESSIVE;
				CLANG_CXX_LANGUAGE_STANDARD = "gnu++14";
				CLANG_CXX_LIBRARY = "libc++";
				CLANG_ENABLE_MODULES = YES;
				CLANG_ENABLE_OBJC_ARC = YES;
				CLANG_WARN_BLOCK_CAPTURE_AUTORELEASING = YES;
				CLANG_WARN_BOOL_CONVERSION = YES;
				CLANG_WARN_COMMA = YES;
				CLANG_WARN_CONSTANT_CONVERSION = YES;
				CLANG_WARN_DIRECT_OBJC_ISA_USAGE = YES_ERROR;
				CLANG_WARN_DOCUMENTATION_COMMENTS = YES;
				CLANG_WARN_EMPTY_BODY = YES;
				CLANG_WARN_ENUM_CONVERSION = YES;
				CLANG_WARN_INFINITE_RECURSION = YES;
				CLANG_WARN_INT_CONVERSION = YES;
				CLANG_WARN_NON_LITERAL_NULL_CONVERSION = YES;
				CLANG_WARN_OBJC_LITERAL_CONVERSION = YES;
				CLANG_WARN_OBJC_ROOT_CLASS = YES_ERROR;
				CLANG_WARN_RANGE_LOOP_ANALYSIS = YES;
				CLANG_WARN_STRICT_PROTOTYPES = YES;
				CLANG_WARN_SUSPICIOUS_MOVE = YES;
				CLANG_WARN_UNGUARDED_AVAILABILITY = YES_AGGRESSIVE;
				CLANG_WARN_UNREACHABLE_CODE = YES;
				CLANG_WARN__DUPLICATE_METHOD_MATCH = YES;
				CODE_SIGN_IDENTITY = "iPhone Developer";
				COPY_PHASE_STRIP = NO;
				DEBUG_INFORMATION_FORMAT = dwarf;
				ENABLE_STRICT_OBJC_MSGSEND = YES;
				ENABLE_TESTABILITY = YES;
				GCC_C_LANGUAGE_STANDARD = gnu11;
				GCC_DYNAMIC_NO_PIC = NO;
				GCC_NO_COMMON_BLOCKS = YES;
				GCC_OPTIMIZATION_LEVEL = 0;
				GCC_PREPROCESSOR_DEFINITIONS = (
					"DEBUG=1",
					"$(inherited)",
				);
				GCC_WARN_64_TO_32_BIT_CONVERSION = YES;
				GCC_WARN_ABOUT_RETURN_TYPE = YES_ERROR;
				GCC_WARN_UNDECLARED_SELECTOR = YES;
				GCC_WARN_UNINITIALIZED_AUTOS = YES_AGGRESSIVE;
				GCC_WARN_UNUSED_FUNCTION = YES;
				GCC_WARN_UNUSED_VARIABLE = YES;
				IPHONEOS_DEPLOYMENT_TARGET = 11.2;
				MTL_ENABLE_DEBUG_INFO = YES;
				ONLY_ACTIVE_ARCH = YES;
				SDKROOT = iphoneos;
				SWIFT_ACTIVE_COMPILATION_CONDITIONS = DEBUG;
				SWIFT_OPTIMIZATION_LEVEL = "-Onone";
			};
			name = Debug;
		};
		85EE0E7E20366E63003F7C45 /* Release */ = {
			isa = XCBuildConfiguration;
			buildSettings = {
				ALWAYS_SEARCH_USER_PATHS = NO;
				CLANG_ANALYZER_NONNULL = YES;
				CLANG_ANALYZER_NUMBER_OBJECT_CONVERSION = YES_AGGRESSIVE;
				CLANG_CXX_LANGUAGE_STANDARD = "gnu++14";
				CLANG_CXX_LIBRARY = "libc++";
				CLANG_ENABLE_MODULES = YES;
				CLANG_ENABLE_OBJC_ARC = YES;
				CLANG_WARN_BLOCK_CAPTURE_AUTORELEASING = YES;
				CLANG_WARN_BOOL_CONVERSION = YES;
				CLANG_WARN_COMMA = YES;
				CLANG_WARN_CONSTANT_CONVERSION = YES;
				CLANG_WARN_DIRECT_OBJC_ISA_USAGE = YES_ERROR;
				CLANG_WARN_DOCUMENTATION_COMMENTS = YES;
				CLANG_WARN_EMPTY_BODY = YES;
				CLANG_WARN_ENUM_CONVERSION = YES;
				CLANG_WARN_INFINITE_RECURSION = YES;
				CLANG_WARN_INT_CONVERSION = YES;
				CLANG_WARN_NON_LITERAL_NULL_CONVERSION = YES;
				CLANG_WARN_OBJC_LITERAL_CONVERSION = YES;
				CLANG_WARN_OBJC_ROOT_CLASS = YES_ERROR;
				CLANG_WARN_RANGE_LOOP_ANALYSIS = YES;
				CLANG_WARN_STRICT_PROTOTYPES = YES;
				CLANG_WARN_SUSPICIOUS_MOVE = YES;
				CLANG_WARN_UNGUARDED_AVAILABILITY = YES_AGGRESSIVE;
				CLANG_WARN_UNREACHABLE_CODE = YES;
				CLANG_WARN__DUPLICATE_METHOD_MATCH = YES;
				CODE_SIGN_IDENTITY = "iPhone Developer";
				COPY_PHASE_STRIP = NO;
				DEBUG_INFORMATION_FORMAT = "dwarf-with-dsym";
				ENABLE_NS_ASSERTIONS = NO;
				ENABLE_STRICT_OBJC_MSGSEND = YES;
				GCC_C_LANGUAGE_STANDARD = gnu11;
				GCC_NO_COMMON_BLOCKS = YES;
				GCC_WARN_64_TO_32_BIT_CONVERSION = YES;
				GCC_WARN_ABOUT_RETURN_TYPE = YES_ERROR;
				GCC_WARN_UNDECLARED_SELECTOR = YES;
				GCC_WARN_UNINITIALIZED_AUTOS = YES_AGGRESSIVE;
				GCC_WARN_UNUSED_FUNCTION = YES;
				GCC_WARN_UNUSED_VARIABLE = YES;
				IPHONEOS_DEPLOYMENT_TARGET = 11.2;
				MTL_ENABLE_DEBUG_INFO = NO;
				SDKROOT = iphoneos;
				SWIFT_OPTIMIZATION_LEVEL = "-Owholemodule";
				VALIDATE_PRODUCT = YES;
			};
			name = Release;
		};
		85EE0E8020366E63003F7C45 /* Debug */ = {
			isa = XCBuildConfiguration;
			buildSettings = {
				ASSETCATALOG_COMPILER_APPICON_NAME = AppIcon;
				CODE_SIGN_STYLE = Automatic;
				INFOPLIST_FILE = timer/Info.plist;
				LD_RUNPATH_SEARCH_PATHS = "$(inherited) @executable_path/Frameworks";
				PRODUCT_BUNDLE_IDENTIFIER = jp.techacademy.nanako.shinohara.timer;
				PRODUCT_NAME = "$(TARGET_NAME)";
				SWIFT_VERSION = 4.0;
				TARGETED_DEVICE_FAMILY = "1,2";
			};
			name = Debug;
		};
		85EE0E8120366E63003F7C45 /* Release */ = {
			isa = XCBuildConfiguration;
			buildSettings = {
				ASSETCATALOG_COMPILER_APPICON_NAME = AppIcon;
				CODE_SIGN_STYLE = Automatic;
				INFOPLIST_FILE = timer/Info.plist;
				LD_RUNPATH_SEARCH_PATHS = "$(inherited) @executable_path/Frameworks";
				PRODUCT_BUNDLE_IDENTIFIER = jp.techacademy.nanako.shinohara.timer;
				PRODUCT_NAME = "$(TARGET_NAME)";
				SWIFT_VERSION = 4.0;
				TARGETED_DEVICE_FAMILY = "1,2";
			};
			name = Release;
		};
		85EE0E8320366E63003F7C45 /* Debug */ = {
			isa = XCBuildConfiguration;
			buildSettings = {
				ALWAYS_EMBED_SWIFT_STANDARD_LIBRARIES = YES;
				BUNDLE_LOADER = "$(TEST_HOST)";
				CODE_SIGN_STYLE = Automatic;
				INFOPLIST_FILE = timerTests/Info.plist;
				LD_RUNPATH_SEARCH_PATHS = "$(inherited) @executable_path/Frameworks @loader_path/Frameworks";
				PRODUCT_BUNDLE_IDENTIFIER = jp.techacademy.nanako.shinohara.timerTests;
				PRODUCT_NAME = "$(TARGET_NAME)";
				SWIFT_VERSION = 4.0;
				TARGETED_DEVICE_FAMILY = "1,2";
				TEST_HOST = "$(BUILT_PRODUCTS_DIR)/timer.app/timer";
			};
			name = Debug;
		};
		85EE0E8420366E63003F7C45 /* Release */ = {
			isa = XCBuildConfiguration;
			buildSettings = {
				ALWAYS_EMBED_SWIFT_STANDARD_LIBRARIES = YES;
				BUNDLE_LOADER = "$(TEST_HOST)";
				CODE_SIGN_STYLE = Automatic;
				INFOPLIST_FILE = timerTests/Info.plist;
				LD_RUNPATH_SEARCH_PATHS = "$(inherited) @executable_path/Frameworks @loader_path/Frameworks";
				PRODUCT_BUNDLE_IDENTIFIER = jp.techacademy.nanako.shinohara.timerTests;
				PRODUCT_NAME = "$(TARGET_NAME)";
				SWIFT_VERSION = 4.0;
				TARGETED_DEVICE_FAMILY = "1,2";
				TEST_HOST = "$(BUILT_PRODUCTS_DIR)/timer.app/timer";
			};
			name = Release;
		};
		85EE0E8620366E63003F7C45 /* Debug */ = {
			isa = XCBuildConfiguration;
			buildSettings = {
				ALWAYS_EMBED_SWIFT_STANDARD_LIBRARIES = YES;
				CODE_SIGN_STYLE = Automatic;
				INFOPLIST_FILE = timerUITests/Info.plist;
				LD_RUNPATH_SEARCH_PATHS = "$(inherited) @executable_path/Frameworks @loader_path/Frameworks";
				PRODUCT_BUNDLE_IDENTIFIER = jp.techacademy.nanako.shinohara.timerUITests;
				PRODUCT_NAME = "$(TARGET_NAME)";
				SWIFT_VERSION = 4.0;
				TARGETED_DEVICE_FAMILY = "1,2";
				TEST_TARGET_NAME = timer;
			};
			name = Debug;
		};
		85EE0E8720366E63003F7C45 /* Release */ = {
			isa = XCBuildConfiguration;
			buildSettings = {
				ALWAYS_EMBED_SWIFT_STANDARD_LIBRARIES = YES;
				CODE_SIGN_STYLE = Automatic;
				INFOPLIST_FILE = timerUITests/Info.plist;
				LD_RUNPATH_SEARCH_PATHS = "$(inherited) @executable_path/Frameworks @loader_path/Frameworks";
				PRODUCT_BUNDLE_IDENTIFIER = jp.techacademy.nanako.shinohara.timerUITests;
				PRODUCT_NAME = "$(TARGET_NAME)";
				SWIFT_VERSION = 4.0;
				TARGETED_DEVICE_FAMILY = "1,2";
				TEST_TARGET_NAME = timer;
			};
			name = Release;
		};
/* End XCBuildConfiguration section */

/* Begin XCConfigurationList section */
		85EE0E5220366E62003F7C45 /* Build configuration list for PBXProject "timer" */ = {
			isa = XCConfigurationList;
			buildConfigurations = (
				85EE0E7D20366E63003F7C45 /* Debug */,
				85EE0E7E20366E63003F7C45 /* Release */,
			);
			defaultConfigurationIsVisible = 0;
			defaultConfigurationName = Release;
		};
		85EE0E7F20366E63003F7C45 /* Build configuration list for PBXNativeTarget "timer" */ = {
			isa = XCConfigurationList;
			buildConfigurations = (
				85EE0E8020366E63003F7C45 /* Debug */,
				85EE0E8120366E63003F7C45 /* Release */,
			);
			defaultConfigurationIsVisible = 0;
			defaultConfigurationName = Release;
		};
		85EE0E8220366E63003F7C45 /* Build configuration list for PBXNativeTarget "timerTests" */ = {
			isa = XCConfigurationList;
			buildConfigurations = (
				85EE0E8320366E63003F7C45 /* Debug */,
				85EE0E8420366E63003F7C45 /* Release */,
			);
			defaultConfigurationIsVisible = 0;
			defaultConfigurationName = Release;
		};
		85EE0E8520366E63003F7C45 /* Build configuration list for PBXNativeTarget "timerUITests" */ = {
			isa = XCConfigurationList;
			buildConfigurations = (
				85EE0E8620366E63003F7C45 /* Debug */,
				85EE0E8720366E63003F7C45 /* Release */,
			);
			defaultConfigurationIsVisible = 0;
			defaultConfigurationName = Release;
		};
/* End XCConfigurationList section */
	};
	rootObject = 85EE0E4F20366E62003F7C45 /* Project object */;
}
